
Microsoft Visual Studio Solution File, Format Version 12.00
# Visual Studio 15
VisualStudioVersion = 15.0.28307.705
MinimumVisualStudioVersion = 10.0.40219.1
Project("{FAE04EC0-301F-11D3-BF4B-00C04F79EFBC}") = "LabApp_ServerVersion", "LabApp_ServerVersion\LabApp_ServerVersion.csproj", "{B43167F2-1837-446C-8DC1-DA85D4C77F75}"
EndProject
Global
	GlobalSection(SolutionConfigurationPlatforms) = preSolution
		Debug|Any CPU = Debug|Any CPU
		Release|Any CPU = Release|Any CPU
	EndGlobalSection
	GlobalSection(ProjectConfigurationPlatforms) = postSolution
		{B43167F2-1837-446C-8DC1-DA85D4C77F75}.Debug|Any CPU.ActiveCfg = Debug|Any CPU
		{B43167F2-1837-446C-8DC1-DA85D4C77F75}.Debug|Any CPU.Build.0 = Debug|Any CPU
		{B43167F2-1837-446C-8DC1-DA85D4C77F75}.Release|Any CPU.ActiveCfg = Release|Any CPU
		{B43167F2-1837-446C-8DC1-DA85D4C77F75}.Release|Any CPU.Build.0 = Release|Any CPU
	EndGlobalSection
	GlobalSection(SolutionProperties) = preSolution
		HideSolutionNode = FALSE
	EndGlobalSection
	GlobalSection(ExtensibilityGlobals) = postSolution
		SolutionGuid = {F0FDAB1F-194B-4F99-A454-977866C88D21}
	EndGlobalSection
EndGlobal
